<?xml version="1.0" encoding="utf-8"?>
<Project DefaultTargets="Build" ToolsVersion="4.0" xmlns="http://schemas.microsoft.com/developer/msbuild/2003">
  <PropertyGroup>
    <Configuration Condition=" '$(Configuration)' == '' ">Debug</Configuration>
    <Platform Condition=" '$(Platform)' == '' ">AnyCPU</Platform>
    <ProductVersion>10.0.0</ProductVersion>
    <SchemaVersion>2.0</SchemaVersion>
    <ProjectGuid>{083A7749-9A72-46F1-93AC-ED86B8C160CD}</ProjectGuid>
    <UseDefaultCompiler>true</UseDefaultCompiler>
    <IncrementalLinking>true</IncrementalLinking>
    <PreferOneStepBuild>true</PreferOneStepBuild>
    <Compiler>DMD2</Compiler>
    <Includes>
      <Includes>
        <Path>..\lib\derelict\import</Path>
        <Path>..\lib\derelict\lib\dmd</Path>
        <Path>..\output\import</Path>
        <Path>..\output\lib</Path>
      </Includes>
    </Includes>
  </PropertyGroup>
  <PropertyGroup Condition=" '$(Configuration)|$(Platform)' == 'Debug|AnyCPU' ">
    <DebugSymbols>true</DebugSymbols>
    <OutputPath>..\output\lib</OutputPath>
    <LinkinThirdPartyLibraries>false</LinkinThirdPartyLibraries>
    <ObjectsDirectory>..\obj</ObjectsDirectory>
    <DebugLevel>0</DebugLevel>
    <UnittestMode>false</UnittestMode>
    <Externalconsole>true</Externalconsole>
    <Target>StaticLibrary</Target>
    <OutputName>ZetaBoxGraphicsCore</OutputName>
    <ExtraCompilerArguments>-H -Hd"..\output\import" -op</ExtraCompilerArguments>
    <DDocDirectory>..\doc</DDocDirectory>
  </PropertyGroup>
  <PropertyGroup Condition=" '$(Configuration)|$(Platform)' == 'Release|AnyCPU' ">
    <OutputPath>bin\Release</OutputPath>
    <LinkinThirdPartyLibraries>false</LinkinThirdPartyLibraries>
    <ObjectsDirectory>obj\Release</ObjectsDirectory>
    <DebugLevel>0</DebugLevel>
    <UnittestMode>false</UnittestMode>
    <Externalconsole>true</Externalconsole>
    <Target>StaticLibrary</Target>
    <OutputName>libZetaBox.Graphics</OutputName>
    <Libs>
      <Libs>
        <Lib>D:\dev\projects\d\ZetaBox\ZetaBox.Graphics.Core\lib\lib\OPENGL32.LIB</Lib>
      </Libs>
    </Libs>
    <ExtraCompilerArguments>-H -Hd"export"</ExtraCompilerArguments>
    <ExtraLinkerArguments>+D:\dev\projects\d\ZetaBox\ZetaBox.Graphics.Core\lib\lib\dmd</ExtraLinkerArguments>
  </PropertyGroup>
  <PropertyGroup Condition=" '$(Configuration)|$(Platform)' == 'Unittest|AnyCPU' ">
    <DebugSymbols>true</DebugSymbols>
    <OutputPath>bin\Unittest</OutputPath>
    <LinkinThirdPartyLibraries>false</LinkinThirdPartyLibraries>
    <ObjectsDirectory>obj\Unittest</ObjectsDirectory>
    <DebugLevel>0</DebugLevel>
    <UnittestMode>true</UnittestMode>
    <Externalconsole>true</Externalconsole>
    <Target>Executable</Target>
    <OutputName>libZetaBox.Graphics</OutputName>
    <Libs>
      <Libs>
        <Lib>D:\dev\projects\d\ZetaBox\ZetaBox.Graphics.Core\lib\lib\OPENGL32.LIB</Lib>
      </Libs>
    </Libs>
    <ExtraCompilerArguments>-H -Hd"export"</ExtraCompilerArguments>
    <ExtraLinkerArguments>+D:\dev\projects\d\ZetaBox\ZetaBox.Graphics.Core\lib\lib\dmd</ExtraLinkerArguments>
  </PropertyGroup>
  <ItemGroup>
    <Folder Include="ZetaBox\" />
    <Folder Include="ZetaBox\Graphics\" />
    <Folder Include="ZetaBox\Graphics\Core\" />
  </ItemGroup>
  <ItemGroup>
    <Compile Include="ZetaBox\Graphics\Core\Actor.d" />
    <Compile Include="ZetaBox\Graphics\Core\Camera.d" />
    <Compile Include="ZetaBox\Graphics\Core\Screen.d" />
    <Compile Include="ZetaBox\Graphics\Core\GL.d" />
    <Compile Include="ZetaBox\Graphics\Core\Layout.d" />
    <Compile Include="ZetaBox\Graphics\Core\Color.d" />
    <Compile Include="ZetaBox\Graphics\Core\Model.d" />
  </ItemGroup>
</Project>