<?xml version="1.0" encoding="utf-8"?>
<Project DefaultTargets="Build" ToolsVersion="4.0" xmlns="http://schemas.microsoft.com/developer/msbuild/2003">
  <PropertyGroup>
    <Configuration Condition=" '$(Configuration)' == '' ">Debug</Configuration>
    <Platform Condition=" '$(Platform)' == '' ">AnyCPU</Platform>
    <ProductVersion>10.0.0</ProductVersion>
    <SchemaVersion>2.0</SchemaVersion>
    <ProjectGuid>{26A1F075-0BCC-4B71-A378-F5B2B831B4A9}</ProjectGuid>
    <UseDefaultCompiler>true</UseDefaultCompiler>
    <IncrementalLinking>true</IncrementalLinking>
    <PreferOneStepBuild>true</PreferOneStepBuild>
    <Compiler>DMD2</Compiler>
    <Includes>
      <Includes>
        <Path>..\lib\derelict\import</Path>
        <Path>..\lib\derelict\lib\dmd</Path>
        <Path>..\output\import</Path>
        <Path>..\output\lib</Path>
      </Includes>
    </Includes>
  </PropertyGroup>
  <PropertyGroup Condition=" '$(Configuration)|$(Platform)' == 'Debug|AnyCPU' ">
    <DebugSymbols>true</DebugSymbols>
    <OutputPath>..\output\lib</OutputPath>
    <LinkinThirdPartyLibraries>false</LinkinThirdPartyLibraries>
    <ObjectsDirectory>..\obj</ObjectsDirectory>
    <DebugLevel>0</DebugLevel>
    <UnittestMode>false</UnittestMode>
    <Externalconsole>true</Externalconsole>
    <Target>StaticLibrary</Target>
    <OutputName>ZetaBoxGraphics</OutputName>
    <ExtraCompilerArguments>-H -Hd"..\output\import" -op</ExtraCompilerArguments>
    <DDocDirectory>..\doc</DDocDirectory>
  </PropertyGroup>
  <PropertyGroup Condition=" '$(Configuration)|$(Platform)' == 'Release|AnyCPU' ">
    <OutputPath>bin\Release</OutputPath>
    <LinkinThirdPartyLibraries>false</LinkinThirdPartyLibraries>
    <ObjectsDirectory>obj\Release</ObjectsDirectory>
    <DebugLevel>0</DebugLevel>
    <UnittestMode>false</UnittestMode>
    <Externalconsole>true</Externalconsole>
    <Target>StaticLibrary</Target>
    <OutputName>libZetaBox</OutputName>
    <ExtraCompilerArguments>-H -Hd"..\output\import" -op</ExtraCompilerArguments>
  </PropertyGroup>
  <PropertyGroup Condition=" '$(Configuration)|$(Platform)' == 'Unittest|AnyCPU' ">
    <DebugSymbols>true</DebugSymbols>
    <OutputPath>bin\Unittest</OutputPath>
    <LinkinThirdPartyLibraries>false</LinkinThirdPartyLibraries>
    <ObjectsDirectory>obj\Unittest</ObjectsDirectory>
    <DebugLevel>0</DebugLevel>
    <UnittestMode>true</UnittestMode>
    <Externalconsole>true</Externalconsole>
    <Target>Executable</Target>
    <OutputName>libZetaBox</OutputName>
    <ExtraCompilerArguments>-H -Hd"..\output\import" -op</ExtraCompilerArguments>
  </PropertyGroup>
  <ItemGroup>
    <Compile Include="ZetaBox\Graphics\Actor.d" />
    <Compile Include="ZetaBox\Graphics\Camera.d" />
    <Compile Include="ZetaBox\Graphics\Color.d" />
    <Compile Include="ZetaBox\Graphics\GL.d" />
    <Compile Include="ZetaBox\Graphics\Layout.d" />
    <Compile Include="ZetaBox\Graphics\Model.d" />
    <Compile Include="ZetaBox\Graphics\Screen.d" />
    <Compile Include="ZetaBox\Graphics\Loader.d" />
    <Compile Include="ZetaBox\Graphics\Entities.d" />
  </ItemGroup>
  <ItemGroup>
    <Folder Include="ZetaBox\" />
    <Folder Include="ZetaBox\Graphics\" />
  </ItemGroup>
</Project>