<?xml version="1.0" encoding="utf-8"?>
<Project DefaultTargets="Build" ToolsVersion="4.0" xmlns="http://schemas.microsoft.com/developer/msbuild/2003">
  <PropertyGroup>
    <Configuration Condition=" '$(Configuration)' == '' ">Debug</Configuration>
    <Platform Condition=" '$(Platform)' == '' ">AnyCPU</Platform>
    <ProductVersion>10.0.0</ProductVersion>
    <SchemaVersion>2.0</SchemaVersion>
    <ProjectGuid>{B57A0141-4A5E-486A-924A-0431CE978556}</ProjectGuid>
    <UseDefaultCompiler>true</UseDefaultCompiler>
    <IncrementalLinking>true</IncrementalLinking>
    <PreferOneStepBuild>true</PreferOneStepBuild>
    <Compiler>DMD2</Compiler>
    <newfilesearch>OnLoad</newfilesearch>
    <DependentProjectIds>
      <DependentProjectIds>
        <String>{0D358AB5-2103-4D81-A835-D86EA176A2FB}</String>
        <String>{6F174AC8-33A7-4006-A950-7CD291293A85}</String>
        <String>{55B1A247-AFE0-475C-9329-CBFA470B1BF0}</String>
        <String>{F6311433-CB9A-4BE1-8E7D-0CB59FD52CBF}</String>
      </DependentProjectIds>
    </DependentProjectIds>
  </PropertyGroup>
  <PropertyGroup Condition=" '$(Configuration)|$(Platform)' == 'Debug|AnyCPU' ">
    <DebugSymbols>true</DebugSymbols>
    <OutputPath>bin\Debug</OutputPath>
    <LinkinThirdPartyLibraries>true</LinkinThirdPartyLibraries>
    <ObjectsDirectory>obj\Debug</ObjectsDirectory>
    <DebugLevel>0</DebugLevel>
    <UnittestMode>false</UnittestMode>
    <Externalconsole>true</Externalconsole>
    <Target>Executable</Target>
    <OutputName>ZetaSpaceGame</OutputName>
  </PropertyGroup>
  <PropertyGroup Condition=" '$(Configuration)|$(Platform)' == 'Release|AnyCPU' ">
    <OutputPath>bin\Release</OutputPath>
    <LinkinThirdPartyLibraries>false</LinkinThirdPartyLibraries>
    <ObjectsDirectory>obj\Release</ObjectsDirectory>
    <DebugLevel>0</DebugLevel>
    <UnittestMode>false</UnittestMode>
    <Externalconsole>true</Externalconsole>
    <Target>Executable</Target>
    <OutputName>ZetaSpaceGame</OutputName>
  </PropertyGroup>
  <PropertyGroup Condition=" '$(Configuration)|$(Platform)' == 'Unittest|AnyCPU' ">
    <DebugSymbols>true</DebugSymbols>
    <OutputPath>bin\Unittest</OutputPath>
    <LinkinThirdPartyLibraries>false</LinkinThirdPartyLibraries>
    <ObjectsDirectory>obj\Unittest</ObjectsDirectory>
    <DebugLevel>0</DebugLevel>
    <UnittestMode>true</UnittestMode>
    <Externalconsole>true</Externalconsole>
    <Target>Executable</Target>
    <OutputName>ZetaSpaceGame</OutputName>
  </PropertyGroup>
  <ItemGroup>
    <Compile Include="main.d" />
  </ItemGroup>
</Project>