<?xml version="1.0" encoding="utf-8"?>
<Project DefaultTargets="Build" ToolsVersion="4.0" xmlns="http://schemas.microsoft.com/developer/msbuild/2003">
  <PropertyGroup>
    <Configuration Condition=" '$(Configuration)' == '' ">Debug</Configuration>
    <Platform Condition=" '$(Platform)' == '' ">AnyCPU</Platform>
    <ProductVersion>10.0.0</ProductVersion>
    <SchemaVersion>2.0</SchemaVersion>
    <ProjectGuid>{CA1FDD1A-3587-417F-8296-BE97E54B047A}</ProjectGuid>
    <UseDefaultCompiler>true</UseDefaultCompiler>
    <IncrementalLinking>true</IncrementalLinking>
    <PreferOneStepBuild>false</PreferOneStepBuild>
    <Compiler>DMD2</Compiler>
    <newfilesearch>OnLoad</newfilesearch>
    <Includes>
      <Includes>
        <Path>..\ZetaBox.Graphics.Core\export</Path>
        <Path>..\ZetaBox.Graphics.Core\bin\Debug</Path>
      </Includes>
    </Includes>
  </PropertyGroup>
  <PropertyGroup Condition=" '$(Configuration)|$(Platform)' == 'Debug|AnyCPU' ">
    <DebugSymbols>true</DebugSymbols>
    <OutputPath>bin\Debug</OutputPath>
    <LinkinThirdPartyLibraries>false</LinkinThirdPartyLibraries>
    <ObjectsDirectory>obj\Debug</ObjectsDirectory>
    <DebugLevel>0</DebugLevel>
    <UnittestMode>false</UnittestMode>
    <Externalconsole>true</Externalconsole>
    <Target>Executable</Target>
    <OutputName>ZetaSpace</OutputName>
    <ExtraCompilerArguments> -I"..\ZetaBox.Graphics.Core\export" -I"..\ZetaBox.Graphics.Core\bin\Debug\"</ExtraCompilerArguments>
  </PropertyGroup>
  <PropertyGroup Condition=" '$(Configuration)|$(Platform)' == 'Release|AnyCPU' ">
    <OutputPath>bin\Release</OutputPath>
    <LinkinThirdPartyLibraries>false</LinkinThirdPartyLibraries>
    <ObjectsDirectory>obj\Release</ObjectsDirectory>
    <DebugLevel>0</DebugLevel>
    <UnittestMode>false</UnittestMode>
    <Externalconsole>true</Externalconsole>
    <Target>Executable</Target>
    <OutputName>ZetaSpace</OutputName>
    <Libs>
      <Libs>
        <Lib>D:\dev\projects\d\ZetaBox\ZetaBox.Graphics.Core\bin\Debug\libZetaBox.lib</Lib>
      </Libs>
    </Libs>
    <ExtraCompilerArguments> -I"..\ZetaBox.Graphics.Core\export" -I"..\ZetaBox.Graphics.Core\bin\Debug\"</ExtraCompilerArguments>
  </PropertyGroup>
  <PropertyGroup Condition=" '$(Configuration)|$(Platform)' == 'Unittest|AnyCPU' ">
    <DebugSymbols>true</DebugSymbols>
    <OutputPath>bin\Unittest</OutputPath>
    <LinkinThirdPartyLibraries>false</LinkinThirdPartyLibraries>
    <ObjectsDirectory>obj\Unittest</ObjectsDirectory>
    <DebugLevel>0</DebugLevel>
    <UnittestMode>true</UnittestMode>
    <Externalconsole>true</Externalconsole>
    <Target>Executable</Target>
    <OutputName>ZetaSpace</OutputName>
    <Libs>
      <Libs>
        <Lib>D:\dev\projects\d\ZetaBox\ZetaBox.Graphics.Core\bin\Debug\libZetaBox.lib</Lib>
      </Libs>
    </Libs>
    <ExtraCompilerArguments> -I"..\ZetaBox.Graphics.Core\export" -I"..\ZetaBox.Graphics.Core\bin\Debug\"</ExtraCompilerArguments>
  </PropertyGroup>
  <ItemGroup>
    <Compile Include="main.d">
      <LastGenOutput>obj\Debug\main.obj</LastGenOutput>
    </Compile>
  </ItemGroup>
</Project>